
Microsoft Visual Studio Solution File, Format Version 12.00
# Visual Studio Version 16
VisualStudioVersion = 16.0.28803.916
MinimumVisualStudioVersion = 10.0.40219.1
Project("{FAE04EC0-301F-11D3-BF4B-00C04F79EFBC}") = "WebApplication2", "WebApplication2\WebApplication2.csproj", "{8DB6AFAA-2C94-449B-9630-2229E9C79305}"
EndProject
Global
	GlobalSection(SolutionConfigurationPlatforms) = preSolution
		Debug|Any CPU = Debug|Any CPU
		Release|Any CPU = Release|Any CPU
	EndGlobalSection
	GlobalSection(ProjectConfigurationPlatforms) = postSolution
		{8DB6AFAA-2C94-449B-9630-2229E9C79305}.Debug|Any CPU.ActiveCfg = Debug|Any CPU
		{8DB6AFAA-2C94-449B-9630-2229E9C79305}.Debug|Any CPU.Build.0 = Debug|Any CPU
		{8DB6AFAA-2C94-449B-9630-2229E9C79305}.Release|Any CPU.ActiveCfg = Release|Any CPU
		{8DB6AFAA-2C94-449B-9630-2229E9C79305}.Release|Any CPU.Build.0 = Release|Any CPU
	EndGlobalSection
	GlobalSection(SolutionProperties) = preSolution
		HideSolutionNode = FALSE
	EndGlobalSection
	GlobalSection(ExtensibilityGlobals) = postSolution
		SolutionGuid = {6FCCE2E0-E6A6-4553-BBB9-5AC89034691F}
	EndGlobalSection
EndGlobal
